{
  "name": "hyperspace-demo",
  "version": "1.0.0",
  "lockfileVersion": 1,
  "requires": true,
  "dependencies": {
    "@hyperspace/client": {
      "version": "1.9.2",
      "resolved": "https://registry.npmjs.org/@hyperspace/client/-/client-1.9.2.tgz",
      "integrity": "sha512-UaPU0LF9jDOJTi+mMvlTpB6OPhj8Yi7Cc/7gZMXb6oGpAoN8WkhVXp3LDCm6XN8Ycd29CEsd+8cPtA6HHNxqZA==",
      "requires": {
        "@hyperspace/rpc": "^1.0.0",
        "call-me-maybe": "^1.0.1",
        "codecs": "^2.1.0",
        "freemap": "^1.0.0",
        "hypercore-crypto": "^2.1.0",
        "hypercore-streams": "^1.0.0",
        "inspect-custom-symbol": "^1.1.1",
        "nanoresource-promise": "^1.2.2"
      }
    },
    "@hyperspace/rpc": {
      "version": "1.6.0",
      "resolved": "https://registry.npmjs.org/@hyperspace/rpc/-/rpc-1.6.0.tgz",
      "integrity": "sha512-PXgtzGJU37RD4sD6nDVrv0r4cxAoVNEILMN5GSrysp3O1kKrpQ/5JGbc8nvsAZ0P1dGkuib1zzsN55EeoWI3Dw==",
      "requires": {
        "hrpc-runtime": "^2.0.0"
      }
    },
    "arpeecee": {
      "version": "2.1.1",
      "resolved": "https://registry.npmjs.org/arpeecee/-/arpeecee-2.1.1.tgz",
      "integrity": "sha512-FA+P6no8f5dNpiANB4fcf2SNUSbILLfvy8L9gWDppMIzwDFDe2eWSmVzb9UrlautaxpkEr4Og5H7jFWtUd9x8g==",
      "requires": {
        "streamx": "^2.6.0",
        "varint": "^5.0.0"
      }
    },
    "blake2b": {
      "version": "2.1.3",
      "resolved": "https://registry.npmjs.org/blake2b/-/blake2b-2.1.3.tgz",
      "integrity": "sha512-pkDss4xFVbMb4270aCyGD3qLv92314Et+FsKzilCLxDz5DuZ2/1g3w4nmBbu6nKApPspnjG7JcwTjGZnduB1yg==",
      "requires": {
        "blake2b-wasm": "^1.1.0",
        "nanoassert": "^1.0.0"
      },
      "dependencies": {
        "nanoassert": {
          "version": "1.1.0",
          "resolved": "https://registry.npmjs.org/nanoassert/-/nanoassert-1.1.0.tgz",
          "integrity": "sha1-TzFS4JVA/eKMdvRLGbvNHVpCR40="
        }
      }
    },
    "blake2b-wasm": {
      "version": "1.1.7",
      "resolved": "https://registry.npmjs.org/blake2b-wasm/-/blake2b-wasm-1.1.7.tgz",
      "integrity": "sha512-oFIHvXhlz/DUgF0kq5B1CqxIDjIJwh9iDeUUGQUcvgiGz7Wdw03McEO7CfLBy7QKGdsydcMCgO9jFNBAFCtFcA==",
      "requires": {
        "nanoassert": "^1.0.0"
      },
      "dependencies": {
        "nanoassert": {
          "version": "1.1.0",
          "resolved": "https://registry.npmjs.org/nanoassert/-/nanoassert-1.1.0.tgz",
          "integrity": "sha1-TzFS4JVA/eKMdvRLGbvNHVpCR40="
        }
      }
    },
    "call-me-maybe": {
      "version": "1.0.1",
      "resolved": "https://registry.npmjs.org/call-me-maybe/-/call-me-maybe-1.0.1.tgz",
      "integrity": "sha1-JtII6onje1y95gJQoV8DHBak1ms="
    },
    "chacha20-universal": {
      "version": "1.0.4",
      "resolved": "https://registry.npmjs.org/chacha20-universal/-/chacha20-universal-1.0.4.tgz",
      "integrity": "sha512-/IOxdWWNa7nRabfe7+oF+jVkGjlr2xUL4J8l/OvzZhj+c9RpMqoo3Dq+5nU1j/BflRV4BKnaQ4+4oH1yBpQG1Q==",
      "requires": {
        "nanoassert": "^2.0.0"
      }
    },
    "codecs": {
      "version": "2.1.0",
      "resolved": "https://registry.npmjs.org/codecs/-/codecs-2.1.0.tgz",
      "integrity": "sha512-nSWYToViFEpZXOxhtMQ6IDs76TN9xKIkHOu1KCr/iFiBcgzKuY1AFPZktuXN8r82FbZ/TXP9fwITszLgcp3eQg=="
    },
    "fast-fifo": {
      "version": "1.0.0",
      "resolved": "https://registry.npmjs.org/fast-fifo/-/fast-fifo-1.0.0.tgz",
      "integrity": "sha512-4VEXmjxLj7sbs8J//cn2qhRap50dGzF5n8fjay8mau+Jn4hxSeR3xPFwxMaQq/pDaq7+KQk0PAbC2+nWDkJrmQ=="
    },
    "freemap": {
      "version": "1.0.1",
      "resolved": "https://registry.npmjs.org/freemap/-/freemap-1.0.1.tgz",
      "integrity": "sha512-14wmuUdlwYz3KrXwbtHe30k4oHnpDQjFrbx3GIkqZjE64hpwa6WDpvs/8p+08kZbhnip49Z58PX8t08E3H8m1g=="
    },
    "hrpc-runtime": {
      "version": "2.0.0",
      "resolved": "https://registry.npmjs.org/hrpc-runtime/-/hrpc-runtime-2.0.0.tgz",
      "integrity": "sha512-ihZZgR27AK586pjD9ycu4+TPrSbnvb7f9utknbnljg2Az4AxJMRzxktfqi9RUQtDk6JL6qDrerToEZwXz8gDiw==",
      "requires": {
        "arpeecee": "^2.0.0",
        "protocol-buffers-encodings": "^1.1.0"
      }
    },
    "hypercore-crypto": {
      "version": "2.1.1",
      "resolved": "https://registry.npmjs.org/hypercore-crypto/-/hypercore-crypto-2.1.1.tgz",
      "integrity": "sha512-KIA25GiFJXieB7Oa0HSDNtXrPH41VJY5j2xWmIjBqREt3quKOFxL7ceOLz7zBMoWkoYeF2m67RhtDE1C4XfoNA==",
      "requires": {
        "sodium-universal": "^3.0.0",
        "uint64be": "^3.0.0"
      }
    },
    "hypercore-streams": {
      "version": "1.0.0",
      "resolved": "https://registry.npmjs.org/hypercore-streams/-/hypercore-streams-1.0.0.tgz",
      "integrity": "sha512-GV/XX9u9+YOh8Gp4V69JzSPChgxkKGlQGFgdiIflJcWPmXDerEX3GVGsB/VVvWNWrF8Rbwtu/pFv81C2hNzrHw==",
      "requires": {
        "streamx": "^2.6.0"
      }
    },
    "inherits": {
      "version": "2.0.4",
      "resolved": "https://registry.npmjs.org/inherits/-/inherits-2.0.4.tgz",
      "integrity": "sha512-k/vGaX4/Yla3WzyMCvTQOXYeIHvqOKtnqBduzTHpzpQZzAskKMhZ2K+EnBiSM9zGSoIFeMpXKxa4dYeZIQqewQ=="
    },
    "ini": {
      "version": "1.3.5",
      "resolved": "https://registry.npmjs.org/ini/-/ini-1.3.5.tgz",
      "integrity": "sha512-RZY5huIKCMRWDUqZlEi72f/lmXKMvuszcMBduliQ3nnWbx9X/ZBQO7DijMEYS9EhHBb2qacRUMtC7svLwe0lcw=="
    },
    "inspect-custom-symbol": {
      "version": "1.1.1",
      "resolved": "https://registry.npmjs.org/inspect-custom-symbol/-/inspect-custom-symbol-1.1.1.tgz",
      "integrity": "sha512-GOucsp9EcdlLdhPUyOTvQDnbFJtp2WBWZV1Jqe+mVnkJQBL3w96+fB84C+JL+EKXOspMdB0eMDQPDp5w9fkfZA=="
    },
    "nanoassert": {
      "version": "2.0.0",
      "resolved": "https://registry.npmjs.org/nanoassert/-/nanoassert-2.0.0.tgz",
      "integrity": "sha512-7vO7n28+aYO4J+8w96AzhmU8G+Y/xpPDJz/se19ICsqj/momRbb9mh9ZUtkoJ5X3nTnPdhEJyc0qnM6yAsHBaA=="
    },
    "nanoresource": {
      "version": "1.3.0",
      "resolved": "https://registry.npmjs.org/nanoresource/-/nanoresource-1.3.0.tgz",
      "integrity": "sha512-OI5dswqipmlYfyL3k/YMm7mbERlh4Bd1KuKdMHpeoVD1iVxqxaTMKleB4qaA2mbQZ6/zMNSxCXv9M9P/YbqTuQ==",
      "requires": {
        "inherits": "^2.0.4"
      }
    },
    "nanoresource-promise": {
      "version": "1.2.2",
      "resolved": "https://registry.npmjs.org/nanoresource-promise/-/nanoresource-promise-1.2.2.tgz",
      "integrity": "sha512-XCRcRrCoTifA6XJqYaMqlHgWFrAq6aGNnXboRa/Dxa0TNkm3S13+RWCD7/XaB4ySunAmZzx81++OS4kqkDynuA==",
      "requires": {
        "nanoresource": "^1.3.0"
      }
    },
    "node-gyp-build": {
      "version": "4.2.3",
      "resolved": "https://registry.npmjs.org/node-gyp-build/-/node-gyp-build-4.2.3.tgz",
      "integrity": "sha512-MN6ZpzmfNCRM+3t57PTJHgHyw/h4OWnZ6mR8P5j/uZtqQr46RRuDE/P+g3n0YR/AiYXeWixZZzaip77gdICfRg=="
    },
    "path-parse": {
      "version": "1.0.6",
      "resolved": "https://registry.npmjs.org/path-parse/-/path-parse-1.0.6.tgz",
      "integrity": "sha512-GSmOT2EbHrINBf9SR7CDELwlJ8AENk3Qn7OikK4nFYAu3Ote2+JYNVvkpAEQm3/TLNEJFD/xZJjzyxg3KBWOzw=="
    },
    "protocol-buffers-encodings": {
      "version": "1.1.0",
      "resolved": "https://registry.npmjs.org/protocol-buffers-encodings/-/protocol-buffers-encodings-1.1.0.tgz",
      "integrity": "sha512-SmjEuAf3hc3h3rWZ6V1YaaQw2MNJWK848gLJgzx/sefOJdNLujKinJVXIS0q2cBQpQn2Q32TinawZyDZPzm4kQ==",
      "requires": {
        "signed-varint": "^2.0.1",
        "varint": "^5.0.0"
      }
    },
    "resolve": {
      "version": "1.17.0",
      "resolved": "https://registry.npmjs.org/resolve/-/resolve-1.17.0.tgz",
      "integrity": "sha512-ic+7JYiV8Vi2yzQGFWOkiZD5Z9z7O2Zhm9XMaTxdJExKasieFCr+yXZ/WmXsckHiKl12ar0y6XiXDx3m4RHn1w==",
      "requires": {
        "path-parse": "^1.0.6"
      }
    },
    "sha256-wasm": {
      "version": "1.3.0",
      "resolved": "https://registry.npmjs.org/sha256-wasm/-/sha256-wasm-1.3.0.tgz",
      "integrity": "sha512-/bPoRjEXqbSpsA9MDdjy3J3GWQWiZG+tjJbWYqhK+Ap4JWNJBxqSMJnIIzkZOA89UFqQMdKSoioNKXqXAkDyWQ==",
      "requires": {
        "nanoassert": "^2.0.0"
      }
    },
    "sha512-wasm": {
      "version": "1.2.0",
      "resolved": "https://registry.npmjs.org/sha512-wasm/-/sha512-wasm-1.2.0.tgz",
      "integrity": "sha512-EPphV7XDTefQZw/fXQLfLjfqMCjLKbalgjiDmkMxMk3tjJB4qpjB0w/GEervpLLf0zwLg8EfddJ29PO6s5ec2A==",
      "requires": {
        "nanoassert": "^2.0.0"
      }
    },
    "signed-varint": {
      "version": "2.0.1",
      "resolved": "https://registry.npmjs.org/signed-varint/-/signed-varint-2.0.1.tgz",
      "integrity": "sha1-UKmYnafJjCxh2tEZvJdHDvhSgSk=",
      "requires": {
        "varint": "~5.0.0"
      }
    },
    "siphash24": {
      "version": "1.1.1",
      "resolved": "https://registry.npmjs.org/siphash24/-/siphash24-1.1.1.tgz",
      "integrity": "sha512-dKKwjIoTOa587TARYLlBRXq2lkbu5Iz35XrEVWpelhBP1m8r2BGOy1QlaZe84GTFHG/BTucEUd2btnNc8QzIVA==",
      "requires": {
        "nanoassert": "^1.0.0"
      },
      "dependencies": {
        "nanoassert": {
          "version": "1.1.0",
          "resolved": "https://registry.npmjs.org/nanoassert/-/nanoassert-1.1.0.tgz",
          "integrity": "sha1-TzFS4JVA/eKMdvRLGbvNHVpCR40="
        }
      }
    },
    "sodium-javascript": {
      "version": "0.6.1",
      "resolved": "https://registry.npmjs.org/sodium-javascript/-/sodium-javascript-0.6.1.tgz",
      "integrity": "sha512-XIJRAKKfgtYxfKMMK5YJaNYF+Gio+gBgwMh+kvDHQ4/6BaWm9BQH49OMHPsNMMwud+OZM6MxqSy2NW6GNXZcNg==",
      "requires": {
        "blake2b": "^2.1.1",
        "chacha20-universal": "^1.0.4",
        "nanoassert": "^2.0.0",
        "sha256-wasm": "^1.3.0",
        "sha512-wasm": "^1.2.0",
        "siphash24": "^1.0.1",
        "xsalsa20": "^1.0.0"
      }
    },
    "sodium-native": {
      "version": "3.2.0",
      "resolved": "https://registry.npmjs.org/sodium-native/-/sodium-native-3.2.0.tgz",
      "integrity": "sha512-8aq/vQSegLwsRch8Sb/Bpf9aAqlNe5dp0+NVhb9UjHv42zDZ0D5zX3wBRUbXK9Ejum9uZE6DUgT4vVLlUFRBWg==",
      "requires": {
        "ini": "^1.3.5",
        "node-gyp-build": "^4.2.0"
      }
    },
    "sodium-universal": {
      "version": "3.0.1",
      "resolved": "https://registry.npmjs.org/sodium-universal/-/sodium-universal-3.0.1.tgz",
      "integrity": "sha512-cKznP/jLjqXw6xMF+CwJzPLJOGMw5HZ4iLDY0+zwSOWFFxPgb8NgLzWupPeH8e5w+cukkD2Aehfxyr157r2Fuw==",
      "requires": {
        "blake2b": "^2.1.1",
        "chacha20-universal": "^1.0.4",
        "nanoassert": "^2.0.0",
        "resolve": "^1.17.0",
        "sha256-wasm": "^1.3.0",
        "sha512-wasm": "^1.2.0",
        "siphash24": "^1.0.1",
        "sodium-javascript": "~0.6.1",
        "sodium-native": "^3.2.0",
        "xsalsa20": "^1.0.0"
      }
    },
    "streamx": {
      "version": "2.6.6",
      "resolved": "https://registry.npmjs.org/streamx/-/streamx-2.6.6.tgz",
      "integrity": "sha512-/fl3zzRl1/MIe4AZBKUX78mNbbCXZwmCFjT0AiwORaLorHCDkFcFRSfswl7PMPayFgWLuOfRI6Q1DTMdcwYlVQ==",
      "requires": {
        "fast-fifo": "^1.0.0",
        "nanoassert": "^2.0.0"
      }
    },
    "uint64be": {
      "version": "3.0.0",
      "resolved": "https://registry.npmjs.org/uint64be/-/uint64be-3.0.0.tgz",
      "integrity": "sha512-mliiCSrsE29aNBI7O9W5gGv6WmA9kBR8PtTt6Apaxns076IRdYrrtFhXHEWMj5CSum3U7cv7/pi4xmi4XsIOqg=="
    },
    "varint": {
      "version": "5.0.0",
      "resolved": "https://registry.npmjs.org/varint/-/varint-5.0.0.tgz",
      "integrity": "sha1-2Ca4n3SQcy+rwMDtaT7Uddyynr8="
    },
    "xsalsa20": {
      "version": "1.1.0",
      "resolved": "https://registry.npmjs.org/xsalsa20/-/xsalsa20-1.1.0.tgz",
      "integrity": "sha512-zd3ytX2cm+tcSndRU+krm0eL4TMMpZE7evs5hLRAoOy6gviqLfe3qOlkjF3i5SeAkQUCeJk0lJZrEU56kHRfWw=="
    }
  }
}
